
Microsoft Visual Studio Solution File, Format Version 12.00
# Visual Studio Version 17
VisualStudioVersion = 17.14.36511.14
MinimumVisualStudioVersion = 10.0.40219.1
Project("{FAE04EC0-301F-11D3-BF4B-00C04F79EFBC}") = "Ejercicio_1", "Semana_2_Práctica#1\Ejercicio_1.csproj", "{784D9C90-612A-471F-AA7C-2DB705AB9DD2}"
EndProject
Project("{FAE04EC0-301F-11D3-BF4B-00C04F79EFBC}") = "Ejercicio_2", "Ejercicio_2\Ejercicio_2.csproj", "{508C08C5-67D0-4120-859A-612B6C7CCEA7}"
EndProject
Project("{FAE04EC0-301F-11D3-BF4B-00C04F79EFBC}") = "Ejercicio_3", "Ejercicio_3\Ejercicio_3.csproj", "{3B689A8C-2C7E-4D99-8491-DCC5CA0DBE23}"
EndProject
Project("{FAE04EC0-301F-11D3-BF4B-00C04F79EFBC}") = "Ejercicio_4", "Ejercicio_4\Ejercicio_4.csproj", "{3301D14D-6A79-4022-B393-5795F1EB80D5}"
EndProject
Project("{FAE04EC0-301F-11D3-BF4B-00C04F79EFBC}") = "Ejercicio_5", "Ejercicio_5\Ejercicio_5.csproj", "{4F21A69E-1A32-4421-8A7F-7C4E7D5A1401}"
EndProject
Project("{FAE04EC0-301F-11D3-BF4B-00C04F79EFBC}") = "Ejercicio_6", "Ejercicio_6\Ejercicio_6.csproj", "{6F5E7BF5-5D39-4D1C-AA5B-58D7A5E397A3}"
EndProject
Project("{FAE04EC0-301F-11D3-BF4B-00C04F79EFBC}") = "Ejercicio_7", "Ejercicio_7\Ejercicio_7.csproj", "{EA6946A0-597B-4691-BDB8-20E877B55AB8}"
EndProject
Project("{FAE04EC0-301F-11D3-BF4B-00C04F79EFBC}") = "Ejercicio_8", "Ejercicio_8\Ejercicio_8.csproj", "{B0C10937-231A-4265-AB88-4F75E7286780}"
EndProject
Project("{FAE04EC0-301F-11D3-BF4B-00C04F79EFBC}") = "Ejercicio_9", "Ejercicio_9\Ejercicio_9.csproj", "{A97E3A3A-F17F-4EE1-8B4B-F0C524B27AA5}"
EndProject
Global
	GlobalSection(SolutionConfigurationPlatforms) = preSolution
		Debug|Any CPU = Debug|Any CPU
		Release|Any CPU = Release|Any CPU
	EndGlobalSection
	GlobalSection(ProjectConfigurationPlatforms) = postSolution
		{784D9C90-612A-471F-AA7C-2DB705AB9DD2}.Debug|Any CPU.ActiveCfg = Debug|Any CPU
		{784D9C90-612A-471F-AA7C-2DB705AB9DD2}.Debug|Any CPU.Build.0 = Debug|Any CPU
		{784D9C90-612A-471F-AA7C-2DB705AB9DD2}.Release|Any CPU.ActiveCfg = Release|Any CPU
		{784D9C90-612A-471F-AA7C-2DB705AB9DD2}.Release|Any CPU.Build.0 = Release|Any CPU
		{508C08C5-67D0-4120-859A-612B6C7CCEA7}.Debug|Any CPU.ActiveCfg = Debug|Any CPU
		{508C08C5-67D0-4120-859A-612B6C7CCEA7}.Debug|Any CPU.Build.0 = Debug|Any CPU
		{508C08C5-67D0-4120-859A-612B6C7CCEA7}.Release|Any CPU.ActiveCfg = Release|Any CPU
		{508C08C5-67D0-4120-859A-612B6C7CCEA7}.Release|Any CPU.Build.0 = Release|Any CPU
		{3B689A8C-2C7E-4D99-8491-DCC5CA0DBE23}.Debug|Any CPU.ActiveCfg = Debug|Any CPU
		{3B689A8C-2C7E-4D99-8491-DCC5CA0DBE23}.Debug|Any CPU.Build.0 = Debug|Any CPU
		{3B689A8C-2C7E-4D99-8491-DCC5CA0DBE23}.Release|Any CPU.ActiveCfg = Release|Any CPU
		{3B689A8C-2C7E-4D99-8491-DCC5CA0DBE23}.Release|Any CPU.Build.0 = Release|Any CPU
		{3301D14D-6A79-4022-B393-5795F1EB80D5}.Debug|Any CPU.ActiveCfg = Debug|Any CPU
		{3301D14D-6A79-4022-B393-5795F1EB80D5}.Debug|Any CPU.Build.0 = Debug|Any CPU
		{3301D14D-6A79-4022-B393-5795F1EB80D5}.Release|Any CPU.ActiveCfg = Release|Any CPU
		{3301D14D-6A79-4022-B393-5795F1EB80D5}.Release|Any CPU.Build.0 = Release|Any CPU
		{4F21A69E-1A32-4421-8A7F-7C4E7D5A1401}.Debug|Any CPU.ActiveCfg = Debug|Any CPU
		{4F21A69E-1A32-4421-8A7F-7C4E7D5A1401}.Debug|Any CPU.Build.0 = Debug|Any CPU
		{4F21A69E-1A32-4421-8A7F-7C4E7D5A1401}.Release|Any CPU.ActiveCfg = Release|Any CPU
		{4F21A69E-1A32-4421-8A7F-7C4E7D5A1401}.Release|Any CPU.Build.0 = Release|Any CPU
		{6F5E7BF5-5D39-4D1C-AA5B-58D7A5E397A3}.Debug|Any CPU.ActiveCfg = Debug|Any CPU
		{6F5E7BF5-5D39-4D1C-AA5B-58D7A5E397A3}.Debug|Any CPU.Build.0 = Debug|Any CPU
		{6F5E7BF5-5D39-4D1C-AA5B-58D7A5E397A3}.Release|Any CPU.ActiveCfg = Release|Any CPU
		{6F5E7BF5-5D39-4D1C-AA5B-58D7A5E397A3}.Release|Any CPU.Build.0 = Release|Any CPU
		{EA6946A0-597B-4691-BDB8-20E877B55AB8}.Debug|Any CPU.ActiveCfg = Debug|Any CPU
		{EA6946A0-597B-4691-BDB8-20E877B55AB8}.Debug|Any CPU.Build.0 = Debug|Any CPU
		{EA6946A0-597B-4691-BDB8-20E877B55AB8}.Release|Any CPU.ActiveCfg = Release|Any CPU
		{EA6946A0-597B-4691-BDB8-20E877B55AB8}.Release|Any CPU.Build.0 = Release|Any CPU
		{B0C10937-231A-4265-AB88-4F75E7286780}.Debug|Any CPU.ActiveCfg = Debug|Any CPU
		{B0C10937-231A-4265-AB88-4F75E7286780}.Debug|Any CPU.Build.0 = Debug|Any CPU
		{B0C10937-231A-4265-AB88-4F75E7286780}.Release|Any CPU.ActiveCfg = Release|Any CPU
		{B0C10937-231A-4265-AB88-4F75E7286780}.Release|Any CPU.Build.0 = Release|Any CPU
		{A97E3A3A-F17F-4EE1-8B4B-F0C524B27AA5}.Debug|Any CPU.ActiveCfg = Debug|Any CPU
		{A97E3A3A-F17F-4EE1-8B4B-F0C524B27AA5}.Debug|Any CPU.Build.0 = Debug|Any CPU
		{A97E3A3A-F17F-4EE1-8B4B-F0C524B27AA5}.Release|Any CPU.ActiveCfg = Release|Any CPU
		{A97E3A3A-F17F-4EE1-8B4B-F0C524B27AA5}.Release|Any CPU.Build.0 = Release|Any CPU
	EndGlobalSection
	GlobalSection(SolutionProperties) = preSolution
		HideSolutionNode = FALSE
	EndGlobalSection
	GlobalSection(ExtensibilityGlobals) = postSolution
		SolutionGuid = {18022021-8A7E-47EF-84C3-9912F080B24C}
	EndGlobalSection
EndGlobal
